// !$*UTF8*$!
{
	archiveVersion = 1;
	classes = {
	};
	objectVersion = 50;
	objects = {

/* Begin PBXBuildFile section */
		8ED3EF3620C4B8D000D0E136 /* AppDelegate.swift in Sources */ = {isa = PBXBuildFile; fileRef = 8ED3EF3520C4B8D000D0E136 /* AppDelegate.swift */; };
		8ED3EF3820C4B8D000D0E136 /* ViewController.swift in Sources */ = {isa = PBXBuildFile; fileRef = 8ED3EF3720C4B8D000D0E136 /* ViewController.swift */; };
		8ED3EF3B20C4B8D000D0E136 /* Main.storyboard in Resources */ = {isa = PBXBuildFile; fileRef = 8ED3EF3920C4B8D000D0E136 /* Main.storyboard */; };
		8ED3EF3D20C4B8D100D0E136 /* Assets.xcassets in Resources */ = {isa = PBXBuildFile; fileRef = 8ED3EF3C20C4B8D100D0E136 /* Assets.xcassets */; };
		8ED3EF4020C4B8D100D0E136 /* LaunchScreen.storyboard in Resources */ = {isa = PBXBuildFile; fileRef = 8ED3EF3E20C4B8D100D0E136 /* LaunchScreen.storyboard */; };
		8ED3EF4B20C4B8D100D0E136 /* recordaudiowavTests.swift in Sources */ = {isa = PBXBuildFile; fileRef = 8ED3EF4A20C4B8D100D0E136 /* recordaudiowavTests.swift */; };
		8ED3EF5620C4B8D100D0E136 /* recordaudiowavUITests.swift in Sources */ = {isa = PBXBuildFile; fileRef = 8ED3EF5520C4B8D100D0E136 /* recordaudiowavUITests.swift */; };
/* End PBXBuildFile section */

/* Begin PBXContainerItemProxy section */
		8ED3EF4720C4B8D100D0E136 /* PBXContainerItemProxy */ = {
			isa = PBXContainerItemProxy;
			containerPortal = 8ED3EF2A20C4B8D000D0E136 /* Project object */;
			proxyType = 1;
			remoteGlobalIDString = 8ED3EF3120C4B8D000D0E136;
			remoteInfo = recordaudiowav;
		};
		8ED3EF5220C4B8D100D0E136 /* PBXContainerItemProxy */ = {
			isa = PBXContainerItemProxy;
			containerPortal = 8ED3EF2A20C4B8D000D0E136 /* Project object */;
			proxyType = 1;
			remoteGlobalIDString = 8ED3EF3120C4B8D000D0E136;
			remoteInfo = recordaudiowav;
		};
/* End PBXContainerItemProxy section */

/* Begin PBXFileReference section */
		8ED3EF3220C4B8D000D0E136 /* recordaudiowav.app */ = {isa = PBXFileReference; explicitFileType = wrapper.application; includeInIndex = 0; path = recordaudiowav.app; sourceTree = BUILT_PRODUCTS_DIR; };
		8ED3EF3520C4B8D000D0E136 /* AppDelegate.swift */ = {isa = PBXFileReference; lastKnownFileType = sourcecode.swift; path = AppDelegate.swift; sourceTree = "<group>"; };
		8ED3EF3720C4B8D000D0E136 /* ViewController.swift */ = {isa = PBXFileReference; lastKnownFileType = sourcecode.swift; path = ViewController.swift; sourceTree = "<group>"; };
		8ED3EF3A20C4B8D000D0E136 /* Base */ = {isa = PBXFileReference; lastKnownFileType = file.storyboard; name = Base; path = Base.lproj/Main.storyboard; sourceTree = "<group>"; };
		8ED3EF3C20C4B8D100D0E136 /* Assets.xcassets */ = {isa = PBXFileReference; lastKnownFileType = folder.assetcatalog; path = Assets.xcassets; sourceTree = "<group>"; };
		8ED3EF3F20C4B8D100D0E136 /* Base */ = {isa = PBXFileReference; lastKnownFileType = file.storyboard; name = Base; path = Base.lproj/LaunchScreen.storyboard; sourceTree = "<group>"; };
		8ED3EF4120C4B8D100D0E136 /* Info.plist */ = {isa = PBXFileReference; lastKnownFileType = text.plist.xml; path = Info.plist; sourceTree = "<group>"; };
		8ED3EF4620C4B8D100D0E136 /* recordaudiowavTests.xctest */ = {isa = PBXFileReference; explicitFileType = wrapper.cfbundle; includeInIndex = 0; path = recordaudiowavTests.xctest; sourceTree = BUILT_PRODUCTS_DIR; };
		8ED3EF4A20C4B8D100D0E136 /* recordaudiowavTests.swift */ = {isa = PBXFileReference; lastKnownFileType = sourcecode.swift; path = recordaudiowavTests.swift; sourceTree = "<group>"; };
		8ED3EF4C20C4B8D100D0E136 /* Info.plist */ = {isa = PBXFileReference; lastKnownFileType = text.plist.xml; path = Info.plist; sourceTree = "<group>"; };
		8ED3EF5120C4B8D100D0E136 /* recordaudiowavUITests.xctest */ = {isa = PBXFileReference; explicitFileType = wrapper.cfbundle; includeInIndex = 0; path = recordaudiowavUITests.xctest; sourceTree = BUILT_PRODUCTS_DIR; };
		8ED3EF5520C4B8D100D0E136 /* recordaudiowavUITests.swift */ = {isa = PBXFileReference; lastKnownFileType = sourcecode.swift; path = recordaudiowavUITests.swift; sourceTree = "<group>"; };
		8ED3EF5720C4B8D100D0E136 /* Info.plist */ = {isa = PBXFileReference; lastKnownFileType = text.plist.xml; path = Info.plist; sourceTree = "<group>"; };
/* End PBXFileReference section */

/* Begin PBXFrameworksBuildPhase section */
		8ED3EF2F20C4B8D000D0E136 /* Frameworks */ = {
			isa = PBXFrameworksBuildPhase;
			buildActionMask = 2147483647;
			files = (
			);
			runOnlyForDeploymentPostprocessing = 0;
		};
		8ED3EF4320C4B8D100D0E136 /* Frameworks */ = {
			isa = PBXFrameworksBuildPhase;
			buildActionMask = 2147483647;
			files = (
			);
			runOnlyForDeploymentPostprocessing = 0;
		};
		8ED3EF4E20C4B8D100D0E136 /* Frameworks */ = {
			isa = PBXFrameworksBuildPhase;
			buildActionMask = 2147483647;
			files = (
			);
			runOnlyForDeploymentPostprocessing = 0;
		};
/* End PBXFrameworksBuildPhase section */

/* Begin PBXGroup section */
		8ED3EF2920C4B8D000D0E136 = {
			isa = PBXGroup;
			children = (
				8ED3EF3420C4B8D000D0E136 /* recordaudiowav */,
				8ED3EF4920C4B8D100D0E136 /* recordaudiowavTests */,
				8ED3EF5420C4B8D100D0E136 /* recordaudiowavUITests */,
				8ED3EF3320C4B8D000D0E136 /* Products */,
			);
			sourceTree = "<group>";
		};
		8ED3EF3320C4B8D000D0E136 /* Products */ = {
			isa = PBXGroup;
			children = (
				8ED3EF3220C4B8D000D0E136 /* recordaudiowav.app */,
				8ED3EF4620C4B8D100D0E136 /* recordaudiowavTests.xctest */,
				8ED3EF5120C4B8D100D0E136 /* recordaudiowavUITests.xctest */,
			);
			name = Products;
			sourceTree = "<group>";
		};
		8ED3EF3420C4B8D000D0E136 /* recordaudiowav */ = {
			isa = PBXGroup;
			children = (
				8ED3EF3520C4B8D000D0E136 /* AppDelegate.swift */,
				8ED3EF3720C4B8D000D0E136 /* ViewController.swift */,
				8ED3EF3920C4B8D000D0E136 /* Main.storyboard */,
				8ED3EF3C20C4B8D100D0E136 /* Assets.xcassets */,
				8ED3EF3E20C4B8D100D0E136 /* LaunchScreen.storyboard */,
				8ED3EF4120C4B8D100D0E136 /* Info.plist */,
			);
			path = recordaudiowav;
			sourceTree = "<group>";
		};
		8ED3EF4920C4B8D100D0E136 /* recordaudiowavTests */ = {
			isa = PBXGroup;
			children = (
				8ED3EF4A20C4B8D100D0E136 /* recordaudiowavTests.swift */,
				8ED3EF4C20C4B8D100D0E136 /* Info.plist */,
			);
			path = recordaudiowavTests;
			sourceTree = "<group>";
		};
		8ED3EF5420C4B8D100D0E136 /* recordaudiowavUITests */ = {
			isa = PBXGroup;
			children = (
				8ED3EF5520C4B8D100D0E136 /* recordaudiowavUITests.swift */,
				8ED3EF5720C4B8D100D0E136 /* Info.plist */,
			);
			path = recordaudiowavUITests;
			sourceTree = "<group>";
		};
/* End PBXGroup section */

/* Begin PBXNativeTarget section */
		8ED3EF3120C4B8D000D0E136 /* recordaudiowav */ = {
			isa = PBXNativeTarget;
			buildConfigurationList = 8ED3EF5A20C4B8D100D0E136 /* Build configuration list for PBXNativeTarget "recordaudiowav" */;
			buildPhases = (
				8ED3EF2E20C4B8D000D0E136 /* Sources */,
				8ED3EF2F20C4B8D000D0E136 /* Frameworks */,
				8ED3EF3020C4B8D000D0E136 /* Resources */,
			);
			buildRules = (
			);
			dependencies = (
			);
			name = recordaudiowav;
			productName = recordaudiowav;
			productReference = 8ED3EF3220C4B8D000D0E136 /* recordaudiowav.app */;
			productType = "com.apple.product-type.application";
		};
		8ED3EF4520C4B8D100D0E136 /* recordaudiowavTests */ = {
			isa = PBXNativeTarget;
			buildConfigurationList = 8ED3EF5D20C4B8D100D0E136 /* Build configuration list for PBXNativeTarget "recordaudiowavTests" */;
			buildPhases = (
				8ED3EF4220C4B8D100D0E136 /* Sources */,
				8ED3EF4320C4B8D100D0E136 /* Frameworks */,
				8ED3EF4420C4B8D100D0E136 /* Resources */,
			);
			buildRules = (
			);
			dependencies = (
				8ED3EF4820C4B8D100D0E136 /* PBXTargetDependency */,
			);
			name = recordaudiowavTests;
			productName = recordaudiowavTests;
			productReference = 8ED3EF4620C4B8D100D0E136 /* recordaudiowavTests.xctest */;
			productType = "com.apple.product-type.bundle.unit-test";
		};
		8ED3EF5020C4B8D100D0E136 /* recordaudiowavUITests */ = {
			isa = PBXNativeTarget;
			buildConfigurationList = 8ED3EF6020C4B8D100D0E136 /* Build configuration list for PBXNativeTarget "recordaudiowavUITests" */;
			buildPhases = (
				8ED3EF4D20C4B8D100D0E136 /* Sources */,
				8ED3EF4E20C4B8D100D0E136 /* Frameworks */,
				8ED3EF4F20C4B8D100D0E136 /* Resources */,
			);
			buildRules = (
			);
			dependencies = (
				8ED3EF5320C4B8D100D0E136 /* PBXTargetDependency */,
			);
			name = recordaudiowavUITests;
			productName = recordaudiowavUITests;
			productReference = 8ED3EF5120C4B8D100D0E136 /* recordaudiowavUITests.xctest */;
			productType = "com.apple.product-type.bundle.ui-testing";
		};
/* End PBXNativeTarget section */

/* Begin PBXProject section */
		8ED3EF2A20C4B8D000D0E136 /* Project object */ = {
			isa = PBXProject;
			attributes = {
				LastSwiftUpdateCheck = 0930;
				LastUpgradeCheck = 0930;
				ORGANIZATIONNAME = Bharath;
				TargetAttributes = {
					8ED3EF3120C4B8D000D0E136 = {
						CreatedOnToolsVersion = 9.3.1;
					};
					8ED3EF4520C4B8D100D0E136 = {
						CreatedOnToolsVersion = 9.3.1;
						TestTargetID = 8ED3EF3120C4B8D000D0E136;
					};
					8ED3EF5020C4B8D100D0E136 = {
						CreatedOnToolsVersion = 9.3.1;
						TestTargetID = 8ED3EF3120C4B8D000D0E136;
					};
				};
			};
			buildConfigurationList = 8ED3EF2D20C4B8D000D0E136 /* Build configuration list for PBXProject "recordaudiowav" */;
			compatibilityVersion = "Xcode 9.3";
			developmentRegion = en;
			hasScannedForEncodings = 0;
			knownRegions = (
				en,
				Base,
			);
			mainGroup = 8ED3EF2920C4B8D000D0E136;
			productRefGroup = 8ED3EF3320C4B8D000D0E136 /* Products */;
			projectDirPath = "";
			projectRoot = "";
			targets = (
				8ED3EF3120C4B8D000D0E136 /* recordaudiowav */,
				8ED3EF4520C4B8D100D0E136 /* recordaudiowavTests */,
				8ED3EF5020C4B8D100D0E136 /* recordaudiowavUITests */,
			);
		};
/* End PBXProject section */

/* Begin PBXResourcesBuildPhase section */
		8ED3EF3020C4B8D000D0E136 /* Resources */ = {
			isa = PBXResourcesBuildPhase;
			buildActionMask = 2147483647;
			files = (
				8ED3EF4020C4B8D100D0E136 /* LaunchScreen.storyboard in Resources */,
				8ED3EF3D20C4B8D100D0E136 /* Assets.xcassets in Resources */,
				8ED3EF3B20C4B8D000D0E136 /* Main.storyboard in Resources */,
			);
			runOnlyForDeploymentPostprocessing = 0;
		};
		8ED3EF4420C4B8D100D0E136 /* Resources */ = {
			isa = PBXResourcesBuildPhase;
			buildActionMask = 2147483647;
			files = (
			);
			runOnlyForDeploymentPostprocessing = 0;
		};
		8ED3EF4F20C4B8D100D0E136 /* Resources */ = {
			isa = PBXResourcesBuildPhase;
			buildActionMask = 2147483647;
			files = (
			);
			runOnlyForDeploymentPostprocessing = 0;
		};
/* End PBXResourcesBuildPhase section */

/* Begin PBXSourcesBuildPhase section */
		8ED3EF2E20C4B8D000D0E136 /* Sources */ = {
			isa = PBXSourcesBuildPhase;
			buildActionMask = 2147483647;
			files = (
				8ED3EF3820C4B8D000D0E136 /* ViewController.swift in Sources */,
				8ED3EF3620C4B8D000D0E136 /* AppDelegate.swift in Sources */,
			);
			runOnlyForDeploymentPostprocessing = 0;
		};
		8ED3EF4220C4B8D100D0E136 /* Sources */ = {
			isa = PBXSourcesBuildPhase;
			buildActionMask = 2147483647;
			files = (
				8ED3EF4B20C4B8D100D0E136 /* recordaudiowavTests.swift in Sources */,
			);
			runOnlyForDeploymentPostprocessing = 0;
		};
		8ED3EF4D20C4B8D100D0E136 /* Sources */ = {
			isa = PBXSourcesBuildPhase;
			buildActionMask = 2147483647;
			files = (
				8ED3EF5620C4B8D100D0E136 /* recordaudiowavUITests.swift in Sources */,
			);
			runOnlyForDeploymentPostprocessing = 0;
		};
/* End PBXSourcesBuildPhase section */

/* Begin PBXTargetDependency section */
		8ED3EF4820C4B8D100D0E136 /* PBXTargetDependency */ = {
			isa = PBXTargetDependency;
			target = 8ED3EF3120C4B8D000D0E136 /* recordaudiowav */;
			targetProxy = 8ED3EF4720C4B8D100D0E136 /* PBXContainerItemProxy */;
		};
		8ED3EF5320C4B8D100D0E136 /* PBXTargetDependency */ = {
			isa = PBXTargetDependency;
			target = 8ED3EF3120C4B8D000D0E136 /* recordaudiowav */;
			targetProxy = 8ED3EF5220C4B8D100D0E136 /* PBXContainerItemProxy */;
		};
/* End PBXTargetDependency section */

/* Begin PBXVariantGroup section */
		8ED3EF3920C4B8D000D0E136 /* Main.storyboard */ = {
			isa = PBXVariantGroup;
			children = (
				8ED3EF3A20C4B8D000D0E136 /* Base */,
			);
			name = Main.storyboard;
			sourceTree = "<group>";
		};
		8ED3EF3E20C4B8D100D0E136 /* LaunchScreen.storyboard */ = {
			isa = PBXVariantGroup;
			children = (
				8ED3EF3F20C4B8D100D0E136 /* Base */,
			);
			name = LaunchScreen.storyboard;
			sourceTree = "<group>";
		};
/* End PBXVariantGroup section */

/* Begin XCBuildConfiguration section */
		8ED3EF5820C4B8D100D0E136 /* Debug */ = {
			isa = XCBuildConfiguration;
			buildSettings = {
				ALWAYS_SEARCH_USER_PATHS = NO;
				CLANG_ANALYZER_NONNULL = YES;
				CLANG_ANALYZER_NUMBER_OBJECT_CONVERSION = YES_AGGRESSIVE;
				CLANG_CXX_LANGUAGE_STANDARD = "gnu++14";
				CLANG_CXX_LIBRARY = "libc++";
				CLANG_ENABLE_MODULES = YES;
				CLANG_ENABLE_OBJC_ARC = YES;
				CLANG_ENABLE_OBJC_WEAK = YES;
				CLANG_WARN_BLOCK_CAPTURE_AUTORELEASING = YES;
				CLANG_WARN_BOOL_CONVERSION = YES;
				CLANG_WARN_COMMA = YES;
				CLANG_WARN_CONSTANT_CONVERSION = YES;
				CLANG_WARN_DEPRECATED_OBJC_IMPLEMENTATIONS = YES;
				CLANG_WARN_DIRECT_OBJC_ISA_USAGE = YES_ERROR;
				CLANG_WARN_DOCUMENTATION_COMMENTS = YES;
				CLANG_WARN_EMPTY_BODY = YES;
				CLANG_WARN_ENUM_CONVERSION = YES;
				CLANG_WARN_INFINITE_RECURSION = YES;
				CLANG_WARN_INT_CONVERSION = YES;
				CLANG_WARN_NON_LITERAL_NULL_CONVERSION = YES;
				CLANG_WARN_OBJC_IMPLICIT_RETAIN_SELF = YES;
				CLANG_WARN_OBJC_LITERAL_CONVERSION = YES;
				CLANG_WARN_OBJC_ROOT_CLASS = YES_ERROR;
				CLANG_WARN_RANGE_LOOP_ANALYSIS = YES;
				CLANG_WARN_STRICT_PROTOTYPES = YES;
				CLANG_WARN_SUSPICIOUS_MOVE = YES;
				CLANG_WARN_UNGUARDED_AVAILABILITY = YES_AGGRESSIVE;
				CLANG_WARN_UNREACHABLE_CODE = YES;
				CLANG_WARN__DUPLICATE_METHOD_MATCH = YES;
				CODE_SIGN_IDENTITY = "iPhone Developer";
				COPY_PHASE_STRIP = NO;
				DEBUG_INFORMATION_FORMAT = dwarf;
				ENABLE_STRICT_OBJC_MSGSEND = YES;
				ENABLE_TESTABILITY = YES;
				GCC_C_LANGUAGE_STANDARD = gnu11;
				GCC_DYNAMIC_NO_PIC = NO;
				GCC_NO_COMMON_BLOCKS = YES;
				GCC_OPTIMIZATION_LEVEL = 0;
				GCC_PREPROCESSOR_DEFINITIONS = (
					"DEBUG=1",
					"$(inherited)",
				);
				GCC_WARN_64_TO_32_BIT_CONVERSION = YES;
				GCC_WARN_ABOUT_RETURN_TYPE = YES_ERROR;
				GCC_WARN_UNDECLARED_SELECTOR = YES;
				GCC_WARN_UNINITIALIZED_AUTOS = YES_AGGRESSIVE;
				GCC_WARN_UNUSED_FUNCTION = YES;
				GCC_WARN_UNUSED_VARIABLE = YES;
				IPHONEOS_DEPLOYMENT_TARGET = 11.3;
				MTL_ENABLE_DEBUG_INFO = YES;
				ONLY_ACTIVE_ARCH = YES;
				SDKROOT = iphoneos;
				SWIFT_ACTIVE_COMPILATION_CONDITIONS = DEBUG;
				SWIFT_OPTIMIZATION_LEVEL = "-Onone";
			};
			name = Debug;
		};
		8ED3EF5920C4B8D100D0E136 /* Release */ = {
			isa = XCBuildConfiguration;
			buildSettings = {
				ALWAYS_SEARCH_USER_PATHS = NO;
				CLANG_ANALYZER_NONNULL = YES;
				CLANG_ANALYZER_NUMBER_OBJECT_CONVERSION = YES_AGGRESSIVE;
				CLANG_CXX_LANGUAGE_STANDARD = "gnu++14";
				CLANG_CXX_LIBRARY = "libc++";
				CLANG_ENABLE_MODULES = YES;
				CLANG_ENABLE_OBJC_ARC = YES;
				CLANG_ENABLE_OBJC_WEAK = YES;
				CLANG_WARN_BLOCK_CAPTURE_AUTORELEASING = YES;
				CLANG_WARN_BOOL_CONVERSION = YES;
				CLANG_WARN_COMMA = YES;
				CLANG_WARN_CONSTANT_CONVERSION = YES;
				CLANG_WARN_DEPRECATED_OBJC_IMPLEMENTATIONS = YES;
				CLANG_WARN_DIRECT_OBJC_ISA_USAGE = YES_ERROR;
				CLANG_WARN_DOCUMENTATION_COMMENTS = YES;
				CLANG_WARN_EMPTY_BODY = YES;
				CLANG_WARN_ENUM_CONVERSION = YES;
				CLANG_WARN_INFINITE_RECURSION = YES;
				CLANG_WARN_INT_CONVERSION = YES;
				CLANG_WARN_NON_LITERAL_NULL_CONVERSION = YES;
				CLANG_WARN_OBJC_IMPLICIT_RETAIN_SELF = YES;
				CLANG_WARN_OBJC_LITERAL_CONVERSION = YES;
				CLANG_WARN_OBJC_ROOT_CLASS = YES_ERROR;
				CLANG_WARN_RANGE_LOOP_ANALYSIS = YES;
				CLANG_WARN_STRICT_PROTOTYPES = YES;
				CLANG_WARN_SUSPICIOUS_MOVE = YES;
				CLANG_WARN_UNGUARDED_AVAILABILITY = YES_AGGRESSIVE;
				CLANG_WARN_UNREACHABLE_CODE = YES;
				CLANG_WARN__DUPLICATE_METHOD_MATCH = YES;
				CODE_SIGN_IDENTITY = "iPhone Developer";
				COPY_PHASE_STRIP = NO;
				DEBUG_INFORMATION_FORMAT = "dwarf-with-dsym";
				ENABLE_NS_ASSERTIONS = NO;
				ENABLE_STRICT_OBJC_MSGSEND = YES;
				GCC_C_LANGUAGE_STANDARD = gnu11;
				GCC_NO_COMMON_BLOCKS = YES;
				GCC_WARN_64_TO_32_BIT_CONVERSION = YES;
				GCC_WARN_ABOUT_RETURN_TYPE = YES_ERROR;
				GCC_WARN_UNDECLARED_SELECTOR = YES;
				GCC_WARN_UNINITIALIZED_AUTOS = YES_AGGRESSIVE;
				GCC_WARN_UNUSED_FUNCTION = YES;
				GCC_WARN_UNUSED_VARIABLE = YES;
				IPHONEOS_DEPLOYMENT_TARGET = 11.3;
				MTL_ENABLE_DEBUG_INFO = NO;
				SDKROOT = iphoneos;
				SWIFT_COMPILATION_MODE = wholemodule;
				SWIFT_OPTIMIZATION_LEVEL = "-O";
				VALIDATE_PRODUCT = YES;
			};
			name = Release;
		};
		8ED3EF5B20C4B8D100D0E136 /* Debug */ = {
			isa = XCBuildConfiguration;
			buildSettings = {
				ASSETCATALOG_COMPILER_APPICON_NAME = AppIcon;
				CODE_SIGN_STYLE = Automatic;
				INFOPLIST_FILE = recordaudiowav/Info.plist;
				LD_RUNPATH_SEARCH_PATHS = (
					"$(inherited)",
					"@executable_path/Frameworks",
				);
				PRODUCT_BUNDLE_IDENTIFIER = com.samples.bharath.recordaudiowav;
				PRODUCT_NAME = "$(TARGET_NAME)";
				SWIFT_VERSION = 4.0;
				TARGETED_DEVICE_FAMILY = "1,2";
			};
			name = Debug;
		};
		8ED3EF5C20C4B8D100D0E136 /* Release */ = {
			isa = XCBuildConfiguration;
			buildSettings = {
				ASSETCATALOG_COMPILER_APPICON_NAME = AppIcon;
				CODE_SIGN_STYLE = Automatic;
				INFOPLIST_FILE = recordaudiowav/Info.plist;
				LD_RUNPATH_SEARCH_PATHS = (
					"$(inherited)",
					"@executable_path/Frameworks",
				);
				PRODUCT_BUNDLE_IDENTIFIER = com.samples.bharath.recordaudiowav;
				PRODUCT_NAME = "$(TARGET_NAME)";
				SWIFT_VERSION = 4.0;
				TARGETED_DEVICE_FAMILY = "1,2";
			};
			name = Release;
		};
		8ED3EF5E20C4B8D100D0E136 /* Debug */ = {
			isa = XCBuildConfiguration;
			buildSettings = {
				ALWAYS_EMBED_SWIFT_STANDARD_LIBRARIES = YES;
				BUNDLE_LOADER = "$(TEST_HOST)";
				CODE_SIGN_STYLE = Automatic;
				INFOPLIST_FILE = recordaudiowavTests/Info.plist;
				LD_RUNPATH_SEARCH_PATHS = (
					"$(inherited)",
					"@executable_path/Frameworks",
					"@loader_path/Frameworks",
				);
				PRODUCT_BUNDLE_IDENTIFIER = com.samples.bharath.recordaudiowavTests;
				PRODUCT_NAME = "$(TARGET_NAME)";
				SWIFT_VERSION = 4.0;
				TARGETED_DEVICE_FAMILY = "1,2";
				TEST_HOST = "$(BUILT_PRODUCTS_DIR)/recordaudiowav.app/recordaudiowav";
			};
			name = Debug;
		};
		8ED3EF5F20C4B8D100D0E136 /* Release */ = {
			isa = XCBuildConfiguration;
			buildSettings = {
				ALWAYS_EMBED_SWIFT_STANDARD_LIBRARIES = YES;
				BUNDLE_LOADER = "$(TEST_HOST)";
				CODE_SIGN_STYLE = Automatic;
				INFOPLIST_FILE = recordaudiowavTests/Info.plist;
				LD_RUNPATH_SEARCH_PATHS = (
					"$(inherited)",
					"@executable_path/Frameworks",
					"@loader_path/Frameworks",
				);
				PRODUCT_BUNDLE_IDENTIFIER = com.samples.bharath.recordaudiowavTests;
				PRODUCT_NAME = "$(TARGET_NAME)";
				SWIFT_VERSION = 4.0;
				TARGETED_DEVICE_FAMILY = "1,2";
				TEST_HOST = "$(BUILT_PRODUCTS_DIR)/recordaudiowav.app/recordaudiowav";
			};
			name = Release;
		};
		8ED3EF6120C4B8D100D0E136 /* Debug */ = {
			isa = XCBuildConfiguration;
			buildSettings = {
				ALWAYS_EMBED_SWIFT_STANDARD_LIBRARIES = YES;
				CODE_SIGN_STYLE = Automatic;
				INFOPLIST_FILE = recordaudiowavUITests/Info.plist;
				LD_RUNPATH_SEARCH_PATHS = (
					"$(inherited)",
					"@executable_path/Frameworks",
					"@loader_path/Frameworks",
				);
				PRODUCT_BUNDLE_IDENTIFIER = com.samples.bharath.recordaudiowavUITests;
				PRODUCT_NAME = "$(TARGET_NAME)";
				SWIFT_VERSION = 4.0;
				TARGETED_DEVICE_FAMILY = "1,2";
				TEST_TARGET_NAME = recordaudiowav;
			};
			name = Debug;
		};
		8ED3EF6220C4B8D100D0E136 /* Release */ = {
			isa = XCBuildConfiguration;
			buildSettings = {
				ALWAYS_EMBED_SWIFT_STANDARD_LIBRARIES = YES;
				CODE_SIGN_STYLE = Automatic;
				INFOPLIST_FILE = recordaudiowavUITests/Info.plist;
				LD_RUNPATH_SEARCH_PATHS = (
					"$(inherited)",
					"@executable_path/Frameworks",
					"@loader_path/Frameworks",
				);
				PRODUCT_BUNDLE_IDENTIFIER = com.samples.bharath.recordaudiowavUITests;
				PRODUCT_NAME = "$(TARGET_NAME)";
				SWIFT_VERSION = 4.0;
				TARGETED_DEVICE_FAMILY = "1,2";
				TEST_TARGET_NAME = recordaudiowav;
			};
			name = Release;
		};
/* End XCBuildConfiguration section */

/* Begin XCConfigurationList section */
		8ED3EF2D20C4B8D000D0E136 /* Build configuration list for PBXProject "recordaudiowav" */ = {
			isa = XCConfigurationList;
			buildConfigurations = (
				8ED3EF5820C4B8D100D0E136 /* Debug */,
				8ED3EF5920C4B8D100D0E136 /* Release */,
			);
			defaultConfigurationIsVisible = 0;
			defaultConfigurationName = Release;
		};
		8ED3EF5A20C4B8D100D0E136 /* Build configuration list for PBXNativeTarget "recordaudiowav" */ = {
			isa = XCConfigurationList;
			buildConfigurations = (
				8ED3EF5B20C4B8D100D0E136 /* Debug */,
				8ED3EF5C20C4B8D100D0E136 /* Release */,
			);
			defaultConfigurationIsVisible = 0;
			defaultConfigurationName = Release;
		};
		8ED3EF5D20C4B8D100D0E136 /* Build configuration list for PBXNativeTarget "recordaudiowavTests" */ = {
			isa = XCConfigurationList;
			buildConfigurations = (
				8ED3EF5E20C4B8D100D0E136 /* Debug */,
				8ED3EF5F20C4B8D100D0E136 /* Release */,
			);
			defaultConfigurationIsVisible = 0;
			defaultConfigurationName = Release;
		};
		8ED3EF6020C4B8D100D0E136 /* Build configuration list for PBXNativeTarget "recordaudiowavUITests" */ = {
			isa = XCConfigurationList;
			buildConfigurations = (
				8ED3EF6120C4B8D100D0E136 /* Debug */,
				8ED3EF6220C4B8D100D0E136 /* Release */,
			);
			defaultConfigurationIsVisible = 0;
			defaultConfigurationName = Release;
		};
/* End XCConfigurationList section */
	};
	rootObject = 8ED3EF2A20C4B8D000D0E136 /* Project object */;
}
